
Microsoft Visual Studio Solution File, Format Version 12.00
# Visual Studio 15
VisualStudioVersion = 15.0.28307.1500
MinimumVisualStudioVersion = 10.0.40219.1
Project("{FAE04EC0-301F-11D3-BF4B-00C04F79EFBC}") = "Dungeon", "Dungeon\Dungeon.csproj", "{EBDFD174-E9F2-409B-80EF-4F1755731C2D}"
EndProject
Global
	GlobalSection(SolutionConfigurationPlatforms) = preSolution
		Debug|Any CPU = Debug|Any CPU
		Release|Any CPU = Release|Any CPU
	EndGlobalSection
	GlobalSection(ProjectConfigurationPlatforms) = postSolution
		{EBDFD174-E9F2-409B-80EF-4F1755731C2D}.Debug|Any CPU.ActiveCfg = Debug|Any CPU
		{EBDFD174-E9F2-409B-80EF-4F1755731C2D}.Debug|Any CPU.Build.0 = Debug|Any CPU
		{EBDFD174-E9F2-409B-80EF-4F1755731C2D}.Release|Any CPU.ActiveCfg = Release|Any CPU
		{EBDFD174-E9F2-409B-80EF-4F1755731C2D}.Release|Any CPU.Build.0 = Release|Any CPU
	EndGlobalSection
	GlobalSection(SolutionProperties) = preSolution
		HideSolutionNode = FALSE
	EndGlobalSection
	GlobalSection(ExtensibilityGlobals) = postSolution
		SolutionGuid = {E3073386-C48F-4B08-A080-39896D0994C5}
	EndGlobalSection
EndGlobal
